// !$*UTF8*$!
{
	archiveVersion = 1;
	classes = {
	};
	objectVersion = 52;
	objects = {

/* Begin PBXBuildFile section */
		2108E00722E4F79000A870AF /* AppDelegate.swift in Sources */ = {isa = PBXBuildFile; fileRef = 2108E00622E4F79000A870AF /* AppDelegate.swift */; };
		2108E05522E54B2F00A870AF /* UIColor.swift in Sources */ = {isa = PBXBuildFile; fileRef = 2108E05422E54B2F00A870AF /* UIColor.swift */; };
		2108E05822E5583A00A870AF /* SplashViewController.swift in Sources */ = {isa = PBXBuildFile; fileRef = 2108E05722E5583A00A870AF /* SplashViewController.swift */; };
		2108E05A22E5585A00A870AF /* HomeViewController.swift in Sources */ = {isa = PBXBuildFile; fileRef = 2108E05922E5585A00A870AF /* HomeViewController.swift */; };
		2108E05C22E55D8B00A870AF /* Splash.storyboard in Resources */ = {isa = PBXBuildFile; fileRef = 2108E05B22E55D8B00A870AF /* Splash.storyboard */; };
		2108E05E22E55E0D00A870AF /* UIView+Extensions.swift in Sources */ = {isa = PBXBuildFile; fileRef = 2108E05D22E55E0D00A870AF /* UIView+Extensions.swift */; };
		780BCB5D2316101300161BE0 /* UserModel.swift in Sources */ = {isa = PBXBuildFile; fileRef = 780BCB5C2316101300161BE0 /* UserModel.swift */; };
		785EFB4E230EEE340012D8C3 /* Login.storyboard in Resources */ = {isa = PBXBuildFile; fileRef = 785EFB4D230EEE340012D8C3 /* Login.storyboard */; };
		78790784231357E0001AA7CB /* Assets.xcassets in Resources */ = {isa = PBXBuildFile; fileRef = 78790783231357E0001AA7CB /* Assets.xcassets */; };
		788A5279231408AC00F7B932 /* Fonts in Resources */ = {isa = PBXBuildFile; fileRef = 788A5278231408AC00F7B932 /* Fonts */; };
		78903E052316B8550025196B /* LoginAPI.swift in Sources */ = {isa = PBXBuildFile; fileRef = 78903E042316B8550025196B /* LoginAPI.swift */; };
		78CDE739230F547500DBC413 /* LoginViewController.swift in Sources */ = {isa = PBXBuildFile; fileRef = 78CDE738230F547500DBC413 /* LoginViewController.swift */; };
		78F370CA2316C62400246C62 /* LoginTaskTests.swift in Sources */ = {isa = PBXBuildFile; fileRef = 78F370C92316C62400246C62 /* LoginTaskTests.swift */; };
		78F370CC2316C69500246C62 /* LoginTaskUITests.swift in Sources */ = {isa = PBXBuildFile; fileRef = 78F370CB2316C69500246C62 /* LoginTaskUITests.swift */; };
		78FA2F8B23107AB9007B79EF /* Urls.swift in Sources */ = {isa = PBXBuildFile; fileRef = 78FA2F8A23107AB9007B79EF /* Urls.swift */; };
		78FA2F922310874A007B79EF /* ViewControllersProvider.swift in Sources */ = {isa = PBXBuildFile; fileRef = 78FA2F912310874A007B79EF /* ViewControllersProvider.swift */; };
		78FA2F9623108BEC007B79EF /* Home.storyboard in Resources */ = {isa = PBXBuildFile; fileRef = 78FA2F9523108BEC007B79EF /* Home.storyboard */; };
		78FA2F9823109462007B79EF /* RootViewController.swift in Sources */ = {isa = PBXBuildFile; fileRef = 78FA2F9723109462007B79EF /* RootViewController.swift */; };
		A16A0797A5A6ADC345A7B889 /* Pods_LoginTask.framework in Frameworks */ = {isa = PBXBuildFile; fileRef = 0C19FAC7EAAC8AA9A3D7CD12 /* Pods_LoginTask.framework */; };
/* End PBXBuildFile section */

/* Begin PBXContainerItemProxy section */
		2108E01822E4F79100A870AF /* PBXContainerItemProxy */ = {
			isa = PBXContainerItemProxy;
			containerPortal = 2108DFFB22E4F78A00A870AF /* Project object */;
			proxyType = 1;
			remoteGlobalIDString = 2108E00222E4F78B00A870AF;
			remoteInfo = TamatmayaIOS;
		};
		2108E02322E4F79100A870AF /* PBXContainerItemProxy */ = {
			isa = PBXContainerItemProxy;
			containerPortal = 2108DFFB22E4F78A00A870AF /* Project object */;
			proxyType = 1;
			remoteGlobalIDString = 2108E00222E4F78B00A870AF;
			remoteInfo = TamatmayaIOS;
		};
/* End PBXContainerItemProxy section */

/* Begin PBXFileReference section */
		0C19FAC7EAAC8AA9A3D7CD12 /* Pods_LoginTask.framework */ = {isa = PBXFileReference; explicitFileType = wrapper.framework; includeInIndex = 0; path = Pods_LoginTask.framework; sourceTree = BUILT_PRODUCTS_DIR; };
		2108E00322E4F79000A870AF /* LoginTask.app */ = {isa = PBXFileReference; explicitFileType = wrapper.application; includeInIndex = 0; path = LoginTask.app; sourceTree = BUILT_PRODUCTS_DIR; };
		2108E00622E4F79000A870AF /* AppDelegate.swift */ = {isa = PBXFileReference; lastKnownFileType = sourcecode.swift; path = AppDelegate.swift; sourceTree = "<group>"; };
		2108E01222E4F79100A870AF /* Info.plist */ = {isa = PBXFileReference; lastKnownFileType = text.plist.xml; path = Info.plist; sourceTree = "<group>"; };
		2108E01722E4F79100A870AF /* LoginTaskTests.xctest */ = {isa = PBXFileReference; explicitFileType = wrapper.cfbundle; includeInIndex = 0; path = LoginTaskTests.xctest; sourceTree = BUILT_PRODUCTS_DIR; };
		2108E01D22E4F79100A870AF /* Info.plist */ = {isa = PBXFileReference; lastKnownFileType = text.plist.xml; path = Info.plist; sourceTree = "<group>"; };
		2108E02222E4F79100A870AF /* LoginTaskUITests.xctest */ = {isa = PBXFileReference; explicitFileType = wrapper.cfbundle; includeInIndex = 0; path = LoginTaskUITests.xctest; sourceTree = BUILT_PRODUCTS_DIR; };
		2108E02822E4F79100A870AF /* Info.plist */ = {isa = PBXFileReference; lastKnownFileType = text.plist.xml; path = Info.plist; sourceTree = "<group>"; };
		2108E05422E54B2F00A870AF /* UIColor.swift */ = {isa = PBXFileReference; fileEncoding = 4; lastKnownFileType = sourcecode.swift; path = UIColor.swift; sourceTree = "<group>"; };
		2108E05722E5583A00A870AF /* SplashViewController.swift */ = {isa = PBXFileReference; fileEncoding = 4; lastKnownFileType = sourcecode.swift; path = SplashViewController.swift; sourceTree = "<group>"; };
		2108E05922E5585A00A870AF /* HomeViewController.swift */ = {isa = PBXFileReference; fileEncoding = 4; lastKnownFileType = sourcecode.swift; path = HomeViewController.swift; sourceTree = "<group>"; };
		2108E05B22E55D8B00A870AF /* Splash.storyboard */ = {isa = PBXFileReference; fileEncoding = 4; lastKnownFileType = file.storyboard; path = Splash.storyboard; sourceTree = "<group>"; };
		2108E05D22E55E0D00A870AF /* UIView+Extensions.swift */ = {isa = PBXFileReference; fileEncoding = 4; lastKnownFileType = sourcecode.swift; path = "UIView+Extensions.swift"; sourceTree = "<group>"; };
		780BCB5C2316101300161BE0 /* UserModel.swift */ = {isa = PBXFileReference; lastKnownFileType = sourcecode.swift; path = UserModel.swift; sourceTree = "<group>"; };
		785EFB4D230EEE340012D8C3 /* Login.storyboard */ = {isa = PBXFileReference; lastKnownFileType = file.storyboard; path = Login.storyboard; sourceTree = "<group>"; };
		78790783231357E0001AA7CB /* Assets.xcassets */ = {isa = PBXFileReference; lastKnownFileType = folder.assetcatalog; path = Assets.xcassets; sourceTree = "<group>"; };
		788A5278231408AC00F7B932 /* Fonts */ = {isa = PBXFileReference; lastKnownFileType = folder; name = Fonts; path = ../../Fonts; sourceTree = "<group>"; };
		78903E042316B8550025196B /* LoginAPI.swift */ = {isa = PBXFileReference; lastKnownFileType = sourcecode.swift; path = LoginAPI.swift; sourceTree = "<group>"; };
		78CDE738230F547500DBC413 /* LoginViewController.swift */ = {isa = PBXFileReference; lastKnownFileType = sourcecode.swift; path = LoginViewController.swift; sourceTree = "<group>"; };
		78F370C92316C62400246C62 /* LoginTaskTests.swift */ = {isa = PBXFileReference; lastKnownFileType = sourcecode.swift; path = LoginTaskTests.swift; sourceTree = "<group>"; };
		78F370CB2316C69500246C62 /* LoginTaskUITests.swift */ = {isa = PBXFileReference; lastKnownFileType = sourcecode.swift; path = LoginTaskUITests.swift; sourceTree = "<group>"; };
		78FA2F8A23107AB9007B79EF /* Urls.swift */ = {isa = PBXFileReference; lastKnownFileType = sourcecode.swift; path = Urls.swift; sourceTree = "<group>"; };
		78FA2F912310874A007B79EF /* ViewControllersProvider.swift */ = {isa = PBXFileReference; lastKnownFileType = sourcecode.swift; path = ViewControllersProvider.swift; sourceTree = "<group>"; };
		78FA2F9523108BEC007B79EF /* Home.storyboard */ = {isa = PBXFileReference; lastKnownFileType = file.storyboard; path = Home.storyboard; sourceTree = "<group>"; };
		78FA2F9723109462007B79EF /* RootViewController.swift */ = {isa = PBXFileReference; lastKnownFileType = sourcecode.swift; path = RootViewController.swift; sourceTree = "<group>"; };
		CED3A0BDC0448A9EC120E01B /* Pods-LoginTask.debug.xcconfig */ = {isa = PBXFileReference; includeInIndex = 1; lastKnownFileType = text.xcconfig; name = "Pods-LoginTask.debug.xcconfig"; path = "Target Support Files/Pods-LoginTask/Pods-LoginTask.debug.xcconfig"; sourceTree = "<group>"; };
		E22E1296F4B2B775F775257C /* Pods-LoginTask.release.xcconfig */ = {isa = PBXFileReference; includeInIndex = 1; lastKnownFileType = text.xcconfig; name = "Pods-LoginTask.release.xcconfig"; path = "Target Support Files/Pods-LoginTask/Pods-LoginTask.release.xcconfig"; sourceTree = "<group>"; };
/* End PBXFileReference section */

/* Begin PBXFrameworksBuildPhase section */
		2108E00022E4F78B00A870AF /* Frameworks */ = {
			isa = PBXFrameworksBuildPhase;
			buildActionMask = 2147483647;
			files = (
				A16A0797A5A6ADC345A7B889 /* Pods_LoginTask.framework in Frameworks */,
			);
			runOnlyForDeploymentPostprocessing = 0;
		};
		2108E01422E4F79100A870AF /* Frameworks */ = {
			isa = PBXFrameworksBuildPhase;
			buildActionMask = 2147483647;
			files = (
			);
			runOnlyForDeploymentPostprocessing = 0;
		};
		2108E01F22E4F79100A870AF /* Frameworks */ = {
			isa = PBXFrameworksBuildPhase;
			buildActionMask = 2147483647;
			files = (
			);
			runOnlyForDeploymentPostprocessing = 0;
		};
/* End PBXFrameworksBuildPhase section */

/* Begin PBXGroup section */
		2108DFFA22E4F78A00A870AF = {
			isa = PBXGroup;
			children = (
				2108E00522E4F79000A870AF /* LoginTask */,
				2108E01A22E4F79100A870AF /* LoginTaskTests */,
				2108E02522E4F79100A870AF /* LoginTaskUITests */,
				2108E00422E4F79000A870AF /* Products */,
				8148B5B91C07E08477C7F0E6 /* Pods */,
				D5B5C06998EF1061B32D85B3 /* Frameworks */,
			);
			sourceTree = "<group>";
		};
		2108E00422E4F79000A870AF /* Products */ = {
			isa = PBXGroup;
			children = (
				2108E00322E4F79000A870AF /* LoginTask.app */,
				2108E01722E4F79100A870AF /* LoginTaskTests.xctest */,
				2108E02222E4F79100A870AF /* LoginTaskUITests.xctest */,
			);
			name = Products;
			sourceTree = "<group>";
		};
		2108E00522E4F79000A870AF /* LoginTask */ = {
			isa = PBXGroup;
			children = (
				2108E03622E4F7F200A870AF /* Model */,
				2108E03522E4F7E500A870AF /* View */,
				2108E03422E4F7C000A870AF /* Controller */,
				2108E00622E4F79000A870AF /* AppDelegate.swift */,
			);
			path = LoginTask;
			sourceTree = "<group>";
		};
		2108E01A22E4F79100A870AF /* LoginTaskTests */ = {
			isa = PBXGroup;
			children = (
				2108E01D22E4F79100A870AF /* Info.plist */,
				78F370C92316C62400246C62 /* LoginTaskTests.swift */,
			);
			path = LoginTaskTests;
			sourceTree = "<group>";
		};
		2108E02522E4F79100A870AF /* LoginTaskUITests */ = {
			isa = PBXGroup;
			children = (
				2108E02822E4F79100A870AF /* Info.plist */,
				78F370CB2316C69500246C62 /* LoginTaskUITests.swift */,
			);
			path = LoginTaskUITests;
			sourceTree = "<group>";
		};
		2108E03422E4F7C000A870AF /* Controller */ = {
			isa = PBXGroup;
			children = (
				2108E05722E5583A00A870AF /* SplashViewController.swift */,
				78CDE738230F547500DBC413 /* LoginViewController.swift */,
				2108E05922E5585A00A870AF /* HomeViewController.swift */,
				78FA2F9723109462007B79EF /* RootViewController.swift */,
			);
			name = Controller;
			sourceTree = "<group>";
		};
		2108E03522E4F7E500A870AF /* View */ = {
			isa = PBXGroup;
			children = (
				2108E05622E5509E00A870AF /* Resources */,
				2108E05B22E55D8B00A870AF /* Splash.storyboard */,
				785EFB4D230EEE340012D8C3 /* Login.storyboard */,
				78FA2F9523108BEC007B79EF /* Home.storyboard */,
			);
			name = View;
			sourceTree = "<group>";
		};
		2108E03622E4F7F200A870AF /* Model */ = {
			isa = PBXGroup;
			children = (
				78FA2F9023108726007B79EF /* Utilities */,
				2108E05322E50A8900A870AF /* Extensions */,
				78CDE72F230EFA4700DBC413 /* API */,
				780BCB5C2316101300161BE0 /* UserModel.swift */,
			);
			name = Model;
			sourceTree = "<group>";
		};
		2108E05322E50A8900A870AF /* Extensions */ = {
			isa = PBXGroup;
			children = (
				2108E05422E54B2F00A870AF /* UIColor.swift */,
				2108E05D22E55E0D00A870AF /* UIView+Extensions.swift */,
			);
			name = Extensions;
			sourceTree = "<group>";
		};
		2108E05622E5509E00A870AF /* Resources */ = {
			isa = PBXGroup;
			children = (
				2108E01222E4F79100A870AF /* Info.plist */,
				788A5278231408AC00F7B932 /* Fonts */,
				78790783231357E0001AA7CB /* Assets.xcassets */,
			);
			name = Resources;
			sourceTree = "<group>";
		};
		78CDE72F230EFA4700DBC413 /* API */ = {
			isa = PBXGroup;
			children = (
				78FA2F8A23107AB9007B79EF /* Urls.swift */,
				78903E042316B8550025196B /* LoginAPI.swift */,
			);
			name = API;
			sourceTree = "<group>";
		};
		78FA2F9023108726007B79EF /* Utilities */ = {
			isa = PBXGroup;
			children = (
				78FA2F912310874A007B79EF /* ViewControllersProvider.swift */,
			);
			name = Utilities;
			sourceTree = "<group>";
		};
		8148B5B91C07E08477C7F0E6 /* Pods */ = {
			isa = PBXGroup;
			children = (
				CED3A0BDC0448A9EC120E01B /* Pods-LoginTask.debug.xcconfig */,
				E22E1296F4B2B775F775257C /* Pods-LoginTask.release.xcconfig */,
			);
			path = Pods;
			sourceTree = "<group>";
		};
		D5B5C06998EF1061B32D85B3 /* Frameworks */ = {
			isa = PBXGroup;
			children = (
				0C19FAC7EAAC8AA9A3D7CD12 /* Pods_LoginTask.framework */,
			);
			name = Frameworks;
			sourceTree = "<group>";
		};
/* End PBXGroup section */

/* Begin PBXNativeTarget section */
		2108E00222E4F78B00A870AF /* LoginTask */ = {
			isa = PBXNativeTarget;
			buildConfigurationList = 2108E02B22E4F79100A870AF /* Build configuration list for PBXNativeTarget "LoginTask" */;
			buildPhases = (
				CE47CCEFA0A34102BFD4F511 /* [CP] Check Pods Manifest.lock */,
				2108DFFF22E4F78B00A870AF /* Sources */,
				2108E00022E4F78B00A870AF /* Frameworks */,
				2108E00122E4F78B00A870AF /* Resources */,
				67CF14B3DD139D9AEB598FC2 /* [CP] Embed Pods Frameworks */,
			);
			buildRules = (
			);
			dependencies = (
			);
			name = LoginTask;
			productName = TamatmayaIOS;
			productReference = 2108E00322E4F79000A870AF /* LoginTask.app */;
			productType = "com.apple.product-type.application";
		};
		2108E01622E4F79100A870AF /* LoginTaskTests */ = {
			isa = PBXNativeTarget;
			buildConfigurationList = 2108E02E22E4F79100A870AF /* Build configuration list for PBXNativeTarget "LoginTaskTests" */;
			buildPhases = (
				2108E01322E4F79100A870AF /* Sources */,
				2108E01422E4F79100A870AF /* Frameworks */,
				2108E01522E4F79100A870AF /* Resources */,
			);
			buildRules = (
			);
			dependencies = (
				2108E01922E4F79100A870AF /* PBXTargetDependency */,
			);
			name = LoginTaskTests;
			productName = TamatmayaIOSTests;
			productReference = 2108E01722E4F79100A870AF /* LoginTaskTests.xctest */;
			productType = "com.apple.product-type.bundle.unit-test";
		};
		2108E02122E4F79100A870AF /* LoginTaskUITests */ = {
			isa = PBXNativeTarget;
			buildConfigurationList = 2108E03122E4F79100A870AF /* Build configuration list for PBXNativeTarget "LoginTaskUITests" */;
			buildPhases = (
				2108E01E22E4F79100A870AF /* Sources */,
				2108E01F22E4F79100A870AF /* Frameworks */,
				2108E02022E4F79100A870AF /* Resources */,
			);
			buildRules = (
			);
			dependencies = (
				2108E02422E4F79100A870AF /* PBXTargetDependency */,
			);
			name = LoginTaskUITests;
			productName = TamatmayaIOSUITests;
			productReference = 2108E02222E4F79100A870AF /* LoginTaskUITests.xctest */;
			productType = "com.apple.product-type.bundle.ui-testing";
		};
/* End PBXNativeTarget section */

/* Begin PBXProject section */
		2108DFFB22E4F78A00A870AF /* Project object */ = {
			isa = PBXProject;
			attributes = {
				LastSwiftUpdateCheck = 0820;
				LastUpgradeCheck = 0820;
				ORGANIZATIONNAME = Jets39;
				TargetAttributes = {
					2108E00222E4F78B00A870AF = {
						CreatedOnToolsVersion = 8.2.1;
						ProvisioningStyle = Automatic;
					};
					2108E01622E4F79100A870AF = {
						CreatedOnToolsVersion = 8.2.1;
						ProvisioningStyle = Automatic;
						TestTargetID = 2108E00222E4F78B00A870AF;
					};
					2108E02122E4F79100A870AF = {
						CreatedOnToolsVersion = 8.2.1;
						ProvisioningStyle = Automatic;
						TestTargetID = 2108E00222E4F78B00A870AF;
					};
				};
			};
			buildConfigurationList = 2108DFFE22E4F78B00A870AF /* Build configuration list for PBXProject "LoginTask" */;
			compatibilityVersion = "Xcode 11.0";
			developmentRegion = English;
			hasScannedForEncodings = 0;
			knownRegions = (
				English,
				en,
				Base,
			);
			mainGroup = 2108DFFA22E4F78A00A870AF;
			productRefGroup = 2108E00422E4F79000A870AF /* Products */;
			projectDirPath = "";
			projectRoot = "";
			targets = (
				2108E00222E4F78B00A870AF /* LoginTask */,
				2108E01622E4F79100A870AF /* LoginTaskTests */,
				2108E02122E4F79100A870AF /* LoginTaskUITests */,
			);
		};
/* End PBXProject section */

/* Begin PBXResourcesBuildPhase section */
		2108E00122E4F78B00A870AF /* Resources */ = {
			isa = PBXResourcesBuildPhase;
			buildActionMask = 2147483647;
			files = (
				788A5279231408AC00F7B932 /* Fonts in Resources */,
				2108E05C22E55D8B00A870AF /* Splash.storyboard in Resources */,
				785EFB4E230EEE340012D8C3 /* Login.storyboard in Resources */,
				78790784231357E0001AA7CB /* Assets.xcassets in Resources */,
				78FA2F9623108BEC007B79EF /* Home.storyboard in Resources */,
			);
			runOnlyForDeploymentPostprocessing = 0;
		};
		2108E01522E4F79100A870AF /* Resources */ = {
			isa = PBXResourcesBuildPhase;
			buildActionMask = 2147483647;
			files = (
			);
			runOnlyForDeploymentPostprocessing = 0;
		};
		2108E02022E4F79100A870AF /* Resources */ = {
			isa = PBXResourcesBuildPhase;
			buildActionMask = 2147483647;
			files = (
			);
			runOnlyForDeploymentPostprocessing = 0;
		};
/* End PBXResourcesBuildPhase section */

/* Begin PBXShellScriptBuildPhase section */
		67CF14B3DD139D9AEB598FC2 /* [CP] Embed Pods Frameworks */ = {
			isa = PBXShellScriptBuildPhase;
			buildActionMask = 2147483647;
			files = (
			);
			inputFileListPaths = (
				"${PODS_ROOT}/Target Support Files/Pods-LoginTask/Pods-LoginTask-frameworks-${CONFIGURATION}-input-files.xcfilelist",
			);
			name = "[CP] Embed Pods Frameworks";
			outputFileListPaths = (
				"${PODS_ROOT}/Target Support Files/Pods-LoginTask/Pods-LoginTask-frameworks-${CONFIGURATION}-output-files.xcfilelist",
			);
			runOnlyForDeploymentPostprocessing = 0;
			shellPath = /bin/sh;
			shellScript = "\"${PODS_ROOT}/Target Support Files/Pods-LoginTask/Pods-LoginTask-frameworks.sh\"\n";
			showEnvVarsInLog = 0;
		};
		CE47CCEFA0A34102BFD4F511 /* [CP] Check Pods Manifest.lock */ = {
			isa = PBXShellScriptBuildPhase;
			buildActionMask = 2147483647;
			files = (
			);
			inputFileListPaths = (
			);
			inputPaths = (
				"${PODS_PODFILE_DIR_PATH}/Podfile.lock",
				"${PODS_ROOT}/Manifest.lock",
			);
			name = "[CP] Check Pods Manifest.lock";
			outputFileListPaths = (
			);
			outputPaths = (
				"$(DERIVED_FILE_DIR)/Pods-LoginTask-checkManifestLockResult.txt",
			);
			runOnlyForDeploymentPostprocessing = 0;
			shellPath = /bin/sh;
			shellScript = "diff \"${PODS_PODFILE_DIR_PATH}/Podfile.lock\" \"${PODS_ROOT}/Manifest.lock\" > /dev/null\nif [ $? != 0 ] ; then\n    # print error to STDERR\n    echo \"error: The sandbox is not in sync with the Podfile.lock. Run 'pod install' or update your CocoaPods installation.\" >&2\n    exit 1\nfi\n# This output is used by Xcode 'outputs' to avoid re-running this script phase.\necho \"SUCCESS\" > \"${SCRIPT_OUTPUT_FILE_0}\"\n";
			showEnvVarsInLog = 0;
		};
/* End PBXShellScriptBuildPhase section */

/* Begin PBXSourcesBuildPhase section */
		2108DFFF22E4F78B00A870AF /* Sources */ = {
			isa = PBXSourcesBuildPhase;
			buildActionMask = 2147483647;
			files = (
				2108E05522E54B2F00A870AF /* UIColor.swift in Sources */,
				78903E052316B8550025196B /* LoginAPI.swift in Sources */,
				2108E00722E4F79000A870AF /* AppDelegate.swift in Sources */,
				2108E05E22E55E0D00A870AF /* UIView+Extensions.swift in Sources */,
				2108E05822E5583A00A870AF /* SplashViewController.swift in Sources */,
				78FA2F9823109462007B79EF /* RootViewController.swift in Sources */,
				78FA2F8B23107AB9007B79EF /* Urls.swift in Sources */,
				78CDE739230F547500DBC413 /* LoginViewController.swift in Sources */,
				2108E05A22E5585A00A870AF /* HomeViewController.swift in Sources */,
				780BCB5D2316101300161BE0 /* UserModel.swift in Sources */,
				78FA2F922310874A007B79EF /* ViewControllersProvider.swift in Sources */,
			);
			runOnlyForDeploymentPostprocessing = 0;
		};
		2108E01322E4F79100A870AF /* Sources */ = {
			isa = PBXSourcesBuildPhase;
			buildActionMask = 2147483647;
			files = (
				78F370CA2316C62400246C62 /* LoginTaskTests.swift in Sources */,
			);
			runOnlyForDeploymentPostprocessing = 0;
		};
		2108E01E22E4F79100A870AF /* Sources */ = {
			isa = PBXSourcesBuildPhase;
			buildActionMask = 2147483647;
			files = (
				78F370CC2316C69500246C62 /* LoginTaskUITests.swift in Sources */,
			);
			runOnlyForDeploymentPostprocessing = 0;
		};
/* End PBXSourcesBuildPhase section */

/* Begin PBXTargetDependency section */
		2108E01922E4F79100A870AF /* PBXTargetDependency */ = {
			isa = PBXTargetDependency;
			target = 2108E00222E4F78B00A870AF /* LoginTask */;
			targetProxy = 2108E01822E4F79100A870AF /* PBXContainerItemProxy */;
		};
		2108E02422E4F79100A870AF /* PBXTargetDependency */ = {
			isa = PBXTargetDependency;
			target = 2108E00222E4F78B00A870AF /* LoginTask */;
			targetProxy = 2108E02322E4F79100A870AF /* PBXContainerItemProxy */;
		};
/* End PBXTargetDependency section */

/* Begin XCBuildConfiguration section */
		2108E02922E4F79100A870AF /* Debug */ = {
			isa = XCBuildConfiguration;
			buildSettings = {
				ALWAYS_SEARCH_USER_PATHS = NO;
				CLANG_ANALYZER_NONNULL = YES;
				CLANG_CXX_LANGUAGE_STANDARD = "gnu++0x";
				CLANG_CXX_LIBRARY = "libc++";
				CLANG_ENABLE_MODULES = YES;
				CLANG_ENABLE_OBJC_ARC = YES;
				CLANG_WARN_BOOL_CONVERSION = YES;
				CLANG_WARN_CONSTANT_CONVERSION = YES;
				CLANG_WARN_DIRECT_OBJC_ISA_USAGE = YES_ERROR;
				CLANG_WARN_DOCUMENTATION_COMMENTS = YES;
				CLANG_WARN_EMPTY_BODY = YES;
				CLANG_WARN_ENUM_CONVERSION = YES;
				CLANG_WARN_INFINITE_RECURSION = YES;
				CLANG_WARN_INT_CONVERSION = YES;
				CLANG_WARN_OBJC_ROOT_CLASS = YES_ERROR;
				CLANG_WARN_SUSPICIOUS_MOVE = YES;
				CLANG_WARN_UNREACHABLE_CODE = YES;
				CLANG_WARN__DUPLICATE_METHOD_MATCH = YES;
				"CODE_SIGN_IDENTITY[sdk=iphoneos*]" = "iPhone Developer";
				COPY_PHASE_STRIP = NO;
				DEBUG_INFORMATION_FORMAT = dwarf;
				ENABLE_STRICT_OBJC_MSGSEND = YES;
				ENABLE_TESTABILITY = YES;
				GCC_C_LANGUAGE_STANDARD = gnu99;
				GCC_DYNAMIC_NO_PIC = NO;
				GCC_NO_COMMON_BLOCKS = YES;
				GCC_OPTIMIZATION_LEVEL = 0;
				GCC_PREPROCESSOR_DEFINITIONS = (
					"DEBUG=1",
					"$(inherited)",
				);
				GCC_WARN_64_TO_32_BIT_CONVERSION = YES;
				GCC_WARN_ABOUT_RETURN_TYPE = YES_ERROR;
				GCC_WARN_UNDECLARED_SELECTOR = YES;
				GCC_WARN_UNINITIALIZED_AUTOS = YES_AGGRESSIVE;
				GCC_WARN_UNUSED_FUNCTION = YES;
				GCC_WARN_UNUSED_VARIABLE = YES;
				IPHONEOS_DEPLOYMENT_TARGET = 10.2;
				MTL_ENABLE_DEBUG_INFO = YES;
				ONLY_ACTIVE_ARCH = YES;
				SDKROOT = iphoneos;
				SWIFT_ACTIVE_COMPILATION_CONDITIONS = DEBUG;
				SWIFT_OPTIMIZATION_LEVEL = "-Onone";
				TARGETED_DEVICE_FAMILY = "1,2";
			};
			name = Debug;
		};
		2108E02A22E4F79100A870AF /* Release */ = {
			isa = XCBuildConfiguration;
			buildSettings = {
				ALWAYS_SEARCH_USER_PATHS = NO;
				CLANG_ANALYZER_NONNULL = YES;
				CLANG_CXX_LANGUAGE_STANDARD = "gnu++0x";
				CLANG_CXX_LIBRARY = "libc++";
				CLANG_ENABLE_MODULES = YES;
				CLANG_ENABLE_OBJC_ARC = YES;
				CLANG_WARN_BOOL_CONVERSION = YES;
				CLANG_WARN_CONSTANT_CONVERSION = YES;
				CLANG_WARN_DIRECT_OBJC_ISA_USAGE = YES_ERROR;
				CLANG_WARN_DOCUMENTATION_COMMENTS = YES;
				CLANG_WARN_EMPTY_BODY = YES;
				CLANG_WARN_ENUM_CONVERSION = YES;
				CLANG_WARN_INFINITE_RECURSION = YES;
				CLANG_WARN_INT_CONVERSION = YES;
				CLANG_WARN_OBJC_ROOT_CLASS = YES_ERROR;
				CLANG_WARN_SUSPICIOUS_MOVE = YES;
				CLANG_WARN_UNREACHABLE_CODE = YES;
				CLANG_WARN__DUPLICATE_METHOD_MATCH = YES;
				"CODE_SIGN_IDENTITY[sdk=iphoneos*]" = "iPhone Developer";
				COPY_PHASE_STRIP = NO;
				DEBUG_INFORMATION_FORMAT = "dwarf-with-dsym";
				ENABLE_NS_ASSERTIONS = NO;
				ENABLE_STRICT_OBJC_MSGSEND = YES;
				GCC_C_LANGUAGE_STANDARD = gnu99;
				GCC_NO_COMMON_BLOCKS = YES;
				GCC_WARN_64_TO_32_BIT_CONVERSION = YES;
				GCC_WARN_ABOUT_RETURN_TYPE = YES_ERROR;
				GCC_WARN_UNDECLARED_SELECTOR = YES;
				GCC_WARN_UNINITIALIZED_AUTOS = YES_AGGRESSIVE;
				GCC_WARN_UNUSED_FUNCTION = YES;
				GCC_WARN_UNUSED_VARIABLE = YES;
				IPHONEOS_DEPLOYMENT_TARGET = 10.2;
				MTL_ENABLE_DEBUG_INFO = NO;
				SDKROOT = iphoneos;
				SWIFT_COMPILATION_MODE = wholemodule;
				SWIFT_OPTIMIZATION_LEVEL = "-O";
				TARGETED_DEVICE_FAMILY = "1,2";
				VALIDATE_PRODUCT = YES;
			};
			name = Release;
		};
		2108E02C22E4F79100A870AF /* Debug */ = {
			isa = XCBuildConfiguration;
			baseConfigurationReference = CED3A0BDC0448A9EC120E01B /* Pods-LoginTask.debug.xcconfig */;
			buildSettings = {
				ASSETCATALOG_COMPILER_APPICON_NAME = AppIcon;
				INFOPLIST_FILE = "$(SRCROOT)/LoginTask/Info.plist";
				LD_RUNPATH_SEARCH_PATHS = (
					"$(inherited)",
					"@executable_path/Frameworks",
				);
				PRODUCT_BUNDLE_IDENTIFIER = com.LoginTask;
				PRODUCT_NAME = "$(TARGET_NAME)";
				SWIFT_VERSION = 4.2;
			};
			name = Debug;
		};
		2108E02D22E4F79100A870AF /* Release */ = {
			isa = XCBuildConfiguration;
			baseConfigurationReference = E22E1296F4B2B775F775257C /* Pods-LoginTask.release.xcconfig */;
			buildSettings = {
				ASSETCATALOG_COMPILER_APPICON_NAME = AppIcon;
				INFOPLIST_FILE = "$(SRCROOT)/LoginTask/Info.plist";
				LD_RUNPATH_SEARCH_PATHS = (
					"$(inherited)",
					"@executable_path/Frameworks",
				);
				PRODUCT_BUNDLE_IDENTIFIER = com.LoginTask;
				PRODUCT_NAME = "$(TARGET_NAME)";
				SWIFT_VERSION = 4.2;
			};
			name = Release;
		};
		2108E02F22E4F79100A870AF /* Debug */ = {
			isa = XCBuildConfiguration;
			buildSettings = {
				ALWAYS_EMBED_SWIFT_STANDARD_LIBRARIES = YES;
				BUNDLE_LOADER = "$(TEST_HOST)";
				INFOPLIST_FILE = LoginTaskTests/Info.plist;
				LD_RUNPATH_SEARCH_PATHS = (
					"$(inherited)",
					"@executable_path/Frameworks",
					"@loader_path/Frameworks",
				);
				PRODUCT_BUNDLE_IDENTIFIER = com.LoginTaskTests;
				PRODUCT_NAME = "$(TARGET_NAME)";
				SWIFT_VERSION = 3.0;
				TEST_HOST = "$(BUILT_PRODUCTS_DIR)/LoginTask.app/LoginTask";
			};
			name = Debug;
		};
		2108E03022E4F79100A870AF /* Release */ = {
			isa = XCBuildConfiguration;
			buildSettings = {
				ALWAYS_EMBED_SWIFT_STANDARD_LIBRARIES = YES;
				BUNDLE_LOADER = "$(TEST_HOST)";
				INFOPLIST_FILE = LoginTaskTests/Info.plist;
				LD_RUNPATH_SEARCH_PATHS = (
					"$(inherited)",
					"@executable_path/Frameworks",
					"@loader_path/Frameworks",
				);
				PRODUCT_BUNDLE_IDENTIFIER = com.LoginTaskTests;
				PRODUCT_NAME = "$(TARGET_NAME)";
				SWIFT_VERSION = 3.0;
				TEST_HOST = "$(BUILT_PRODUCTS_DIR)/LoginTask.app/LoginTask";
			};
			name = Release;
		};
		2108E03222E4F79100A870AF /* Debug */ = {
			isa = XCBuildConfiguration;
			buildSettings = {
				ALWAYS_EMBED_SWIFT_STANDARD_LIBRARIES = YES;
				INFOPLIST_FILE = TamatmayaIOSUITests/Info.plist;
				LD_RUNPATH_SEARCH_PATHS = (
					"$(inherited)",
					"@executable_path/Frameworks",
					"@loader_path/Frameworks",
				);
				PRODUCT_BUNDLE_IDENTIFIER = com.LoginTaskUITests;
				PRODUCT_NAME = "$(TARGET_NAME)";
				SWIFT_VERSION = 3.0;
				TEST_TARGET_NAME = TamatmayaIOS;
			};
			name = Debug;
		};
		2108E03322E4F79100A870AF /* Release */ = {
			isa = XCBuildConfiguration;
			buildSettings = {
				ALWAYS_EMBED_SWIFT_STANDARD_LIBRARIES = YES;
				INFOPLIST_FILE = TamatmayaIOSUITests/Info.plist;
				LD_RUNPATH_SEARCH_PATHS = (
					"$(inherited)",
					"@executable_path/Frameworks",
					"@loader_path/Frameworks",
				);
				PRODUCT_BUNDLE_IDENTIFIER = com.LoginTaskUITests;
				PRODUCT_NAME = "$(TARGET_NAME)";
				SWIFT_VERSION = 3.0;
				TEST_TARGET_NAME = TamatmayaIOS;
			};
			name = Release;
		};
/* End XCBuildConfiguration section */

/* Begin XCConfigurationList section */
		2108DFFE22E4F78B00A870AF /* Build configuration list for PBXProject "LoginTask" */ = {
			isa = XCConfigurationList;
			buildConfigurations = (
				2108E02922E4F79100A870AF /* Debug */,
				2108E02A22E4F79100A870AF /* Release */,
			);
			defaultConfigurationIsVisible = 0;
			defaultConfigurationName = Release;
		};
		2108E02B22E4F79100A870AF /* Build configuration list for PBXNativeTarget "LoginTask" */ = {
			isa = XCConfigurationList;
			buildConfigurations = (
				2108E02C22E4F79100A870AF /* Debug */,
				2108E02D22E4F79100A870AF /* Release */,
			);
			defaultConfigurationIsVisible = 0;
			defaultConfigurationName = Release;
		};
		2108E02E22E4F79100A870AF /* Build configuration list for PBXNativeTarget "LoginTaskTests" */ = {
			isa = XCConfigurationList;
			buildConfigurations = (
				2108E02F22E4F79100A870AF /* Debug */,
				2108E03022E4F79100A870AF /* Release */,
			);
			defaultConfigurationIsVisible = 0;
			defaultConfigurationName = Release;
		};
		2108E03122E4F79100A870AF /* Build configuration list for PBXNativeTarget "LoginTaskUITests" */ = {
			isa = XCConfigurationList;
			buildConfigurations = (
				2108E03222E4F79100A870AF /* Debug */,
				2108E03322E4F79100A870AF /* Release */,
			);
			defaultConfigurationIsVisible = 0;
			defaultConfigurationName = Release;
		};
/* End XCConfigurationList section */
	};
	rootObject = 2108DFFB22E4F78A00A870AF /* Project object */;
}
